
Microsoft Visual Studio Solution File, Format Version 12.00
# Visual Studio Version 17
VisualStudioVersion = 17.3.32825.248
MinimumVisualStudioVersion = 10.0.40219.1
Project("{9A19103F-16F7-4668-BE54-9A1E7A4F7556}") = "CMS", "CMS.csproj", "{3119BA70-D252-4760-82D1-710E35D59368}"
EndProject
Global
	GlobalSection(SolutionConfigurationPlatforms) = preSolution
		Debug|Any CPU = Debug|Any CPU
		Release|Any CPU = Release|Any CPU
	EndGlobalSection
	GlobalSection(ProjectConfigurationPlatforms) = postSolution
		{3119BA70-D252-4760-82D1-710E35D59368}.Debug|Any CPU.ActiveCfg = Debug|Any CPU
		{3119BA70-D252-4760-82D1-710E35D59368}.Debug|Any CPU.Build.0 = Debug|Any CPU
		{3119BA70-D252-4760-82D1-710E35D59368}.Release|Any CPU.ActiveCfg = Release|Any CPU
		{3119BA70-D252-4760-82D1-710E35D59368}.Release|Any CPU.Build.0 = Release|Any CPU
	EndGlobalSection
	GlobalSection(SolutionProperties) = preSolution
		HideSolutionNode = FALSE
	EndGlobalSection
	GlobalSection(ExtensibilityGlobals) = postSolution
		SolutionGuid = {8A45B5B8-99D1-45A3-BCB8-5672CB6C4C11}
	EndGlobalSection
EndGlobal
